
Microsoft Visual Studio Solution File, Format Version 12.00
# Visual Studio Version 17
VisualStudioVersion = 17.0.31903.59
MinimumVisualStudioVersion = 10.0.40219.1
Project("{FAE04EC0-301F-11D3-BF4B-00C04F79EFBC}") = "OopStart", "OopStart\OopStart.csproj", "{B938EE5A-8ABA-4C71-B201-D66890534513}"
EndProject
Project("{FAE04EC0-301F-11D3-BF4B-00C04F79EFBC}") = "Composition", "Composition\Composition.csproj", "{5D269363-2DA0-427D-A51D-762AE1BF6760}"
EndProject
Project("{FAE04EC0-301F-11D3-BF4B-00C04F79EFBC}") = "Inheritance", "Inheritance\Inheritance.csproj", "{EEA8F187-EC76-4B14-BB68-4013028029D0}"
EndProject
Project("{FAE04EC0-301F-11D3-BF4B-00C04F79EFBC}") = "ExceptionsDemo", "ExceptionsDemo\ExceptionsDemo.csproj", "{66E6199B-777D-4D88-98B0-6BF523BF1B66}"
EndProject
Project("{FAE04EC0-301F-11D3-BF4B-00C04F79EFBC}") = "Abstraction", "Abstraction\Abstraction.csproj", "{0740C6A6-301B-4876-B69B-B8F31DD7F133}"
EndProject
Project("{FAE04EC0-301F-11D3-BF4B-00C04F79EFBC}") = "GameEngine", "GameEngine\GameEngine.csproj", "{7039D3F9-1DC1-4FFF-95EA-0F6728E394FF}"
EndProject
Global
	GlobalSection(SolutionConfigurationPlatforms) = preSolution
		Debug|Any CPU = Debug|Any CPU
		Release|Any CPU = Release|Any CPU
	EndGlobalSection
	GlobalSection(SolutionProperties) = preSolution
		HideSolutionNode = FALSE
	EndGlobalSection
	GlobalSection(ProjectConfigurationPlatforms) = postSolution
		{B938EE5A-8ABA-4C71-B201-D66890534513}.Debug|Any CPU.ActiveCfg = Debug|Any CPU
		{B938EE5A-8ABA-4C71-B201-D66890534513}.Debug|Any CPU.Build.0 = Debug|Any CPU
		{B938EE5A-8ABA-4C71-B201-D66890534513}.Release|Any CPU.ActiveCfg = Release|Any CPU
		{B938EE5A-8ABA-4C71-B201-D66890534513}.Release|Any CPU.Build.0 = Release|Any CPU
		{5D269363-2DA0-427D-A51D-762AE1BF6760}.Debug|Any CPU.ActiveCfg = Debug|Any CPU
		{5D269363-2DA0-427D-A51D-762AE1BF6760}.Debug|Any CPU.Build.0 = Debug|Any CPU
		{5D269363-2DA0-427D-A51D-762AE1BF6760}.Release|Any CPU.ActiveCfg = Release|Any CPU
		{5D269363-2DA0-427D-A51D-762AE1BF6760}.Release|Any CPU.Build.0 = Release|Any CPU
		{EEA8F187-EC76-4B14-BB68-4013028029D0}.Debug|Any CPU.ActiveCfg = Debug|Any CPU
		{EEA8F187-EC76-4B14-BB68-4013028029D0}.Debug|Any CPU.Build.0 = Debug|Any CPU
		{EEA8F187-EC76-4B14-BB68-4013028029D0}.Release|Any CPU.ActiveCfg = Release|Any CPU
		{EEA8F187-EC76-4B14-BB68-4013028029D0}.Release|Any CPU.Build.0 = Release|Any CPU
		{66E6199B-777D-4D88-98B0-6BF523BF1B66}.Debug|Any CPU.ActiveCfg = Debug|Any CPU
		{66E6199B-777D-4D88-98B0-6BF523BF1B66}.Debug|Any CPU.Build.0 = Debug|Any CPU
		{66E6199B-777D-4D88-98B0-6BF523BF1B66}.Release|Any CPU.ActiveCfg = Release|Any CPU
		{66E6199B-777D-4D88-98B0-6BF523BF1B66}.Release|Any CPU.Build.0 = Release|Any CPU
		{0740C6A6-301B-4876-B69B-B8F31DD7F133}.Debug|Any CPU.ActiveCfg = Debug|Any CPU
		{0740C6A6-301B-4876-B69B-B8F31DD7F133}.Debug|Any CPU.Build.0 = Debug|Any CPU
		{0740C6A6-301B-4876-B69B-B8F31DD7F133}.Release|Any CPU.ActiveCfg = Release|Any CPU
		{0740C6A6-301B-4876-B69B-B8F31DD7F133}.Release|Any CPU.Build.0 = Release|Any CPU
		{7039D3F9-1DC1-4FFF-95EA-0F6728E394FF}.Debug|Any CPU.ActiveCfg = Debug|Any CPU
		{7039D3F9-1DC1-4FFF-95EA-0F6728E394FF}.Debug|Any CPU.Build.0 = Debug|Any CPU
		{7039D3F9-1DC1-4FFF-95EA-0F6728E394FF}.Release|Any CPU.ActiveCfg = Release|Any CPU
		{7039D3F9-1DC1-4FFF-95EA-0F6728E394FF}.Release|Any CPU.Build.0 = Release|Any CPU
	EndGlobalSection
EndGlobal
